
Microsoft Visual Studio Solution File, Format Version 12.00
# Visual Studio Version 17
VisualStudioVersion = 17.13.35828.75 d17.13
MinimumVisualStudioVersion = 10.0.40219.1
Project("{FAE04EC0-301F-11D3-BF4B-00C04F79EFBC}") = "Front end for POS", "Front end for POS\Front end for POS.csproj", "{619842F7-2805-4CE7-BD3E-A3C9E37213E8}"
EndProject
Global
	GlobalSection(SolutionConfigurationPlatforms) = preSolution
		Debug|Any CPU = Debug|Any CPU
		Release|Any CPU = Release|Any CPU
	EndGlobalSection
	GlobalSection(ProjectConfigurationPlatforms) = postSolution
		{619842F7-2805-4CE7-BD3E-A3C9E37213E8}.Debug|Any CPU.ActiveCfg = Debug|Any CPU
		{619842F7-2805-4CE7-BD3E-A3C9E37213E8}.Debug|Any CPU.Build.0 = Debug|Any CPU
		{619842F7-2805-4CE7-BD3E-A3C9E37213E8}.Release|Any CPU.ActiveCfg = Release|Any CPU
		{619842F7-2805-4CE7-BD3E-A3C9E37213E8}.Release|Any CPU.Build.0 = Release|Any CPU
	EndGlobalSection
	GlobalSection(SolutionProperties) = preSolution
		HideSolutionNode = FALSE
	EndGlobalSection
	GlobalSection(ExtensibilityGlobals) = postSolution
		SolutionGuid = {A1A5CFA1-A1CD-4C0B-8BA1-ED6E2A5BF3EE}
	EndGlobalSection
EndGlobal
